
Microsoft Visual Studio Solution File, Format Version 12.00
# Visual Studio Version 16
VisualStudioVersion = 16.0.31313.79
MinimumVisualStudioVersion = 10.0.40219.1
Project("{9A19103F-16F7-4668-BE54-9A1E7A4F7556}") = "Talto.WebApi", "Talto.WebApi\Talto.WebApi.csproj", "{5C57AFA1-E062-49BE-B4D7-90379F1443E2}"
EndProject
Project("{9A19103F-16F7-4668-BE54-9A1E7A4F7556}") = "Talto.Repository", "Talto.Repository\Talto.Repository.csproj", "{27B591BE-35FF-4F43-8A3E-6F78FFC3C175}"
EndProject
Global
	GlobalSection(SolutionConfigurationPlatforms) = preSolution
		Debug|Any CPU = Debug|Any CPU
		Release|Any CPU = Release|Any CPU
	EndGlobalSection
	GlobalSection(ProjectConfigurationPlatforms) = postSolution
		{5C57AFA1-E062-49BE-B4D7-90379F1443E2}.Debug|Any CPU.ActiveCfg = Debug|Any CPU
		{5C57AFA1-E062-49BE-B4D7-90379F1443E2}.Debug|Any CPU.Build.0 = Debug|Any CPU
		{5C57AFA1-E062-49BE-B4D7-90379F1443E2}.Release|Any CPU.ActiveCfg = Release|Any CPU
		{5C57AFA1-E062-49BE-B4D7-90379F1443E2}.Release|Any CPU.Build.0 = Release|Any CPU
		{27B591BE-35FF-4F43-8A3E-6F78FFC3C175}.Debug|Any CPU.ActiveCfg = Debug|Any CPU
		{27B591BE-35FF-4F43-8A3E-6F78FFC3C175}.Debug|Any CPU.Build.0 = Debug|Any CPU
		{27B591BE-35FF-4F43-8A3E-6F78FFC3C175}.Release|Any CPU.ActiveCfg = Release|Any CPU
		{27B591BE-35FF-4F43-8A3E-6F78FFC3C175}.Release|Any CPU.Build.0 = Release|Any CPU
	EndGlobalSection
	GlobalSection(SolutionProperties) = preSolution
		HideSolutionNode = FALSE
	EndGlobalSection
	GlobalSection(ExtensibilityGlobals) = postSolution
		SolutionGuid = {10BF2CA8-76B8-481B-87BB-2774B8D7320D}
	EndGlobalSection
EndGlobal
