
Microsoft Visual Studio Solution File, Format Version 12.00
# Visual Studio Version 16
VisualStudioVersion = 16.0.31313.79
MinimumVisualStudioVersion = 10.0.40219.1
Project("{9A19103F-16F7-4668-BE54-9A1E7A4F7556}") = "Talto.Models", "Talto.Models\Talto.Models.csproj", "{F49BF183-FD25-4D14-A4F7-5F6D43CE595D}"
EndProject
Project("{FAE04EC0-301F-11D3-BF4B-00C04F79EFBC}") = "Talto.Repository", "Talto.Repository\Talto.Repository.csproj", "{241BA139-0480-43F7-8736-88AB607DDE89}"
EndProject
Global
	GlobalSection(SolutionConfigurationPlatforms) = preSolution
		Debug|Any CPU = Debug|Any CPU
		Release|Any CPU = Release|Any CPU
	EndGlobalSection
	GlobalSection(ProjectConfigurationPlatforms) = postSolution
		{F49BF183-FD25-4D14-A4F7-5F6D43CE595D}.Debug|Any CPU.ActiveCfg = Debug|Any CPU
		{F49BF183-FD25-4D14-A4F7-5F6D43CE595D}.Debug|Any CPU.Build.0 = Debug|Any CPU
		{F49BF183-FD25-4D14-A4F7-5F6D43CE595D}.Release|Any CPU.ActiveCfg = Release|Any CPU
		{F49BF183-FD25-4D14-A4F7-5F6D43CE595D}.Release|Any CPU.Build.0 = Release|Any CPU
		{241BA139-0480-43F7-8736-88AB607DDE89}.Debug|Any CPU.ActiveCfg = Debug|Any CPU
		{241BA139-0480-43F7-8736-88AB607DDE89}.Debug|Any CPU.Build.0 = Debug|Any CPU
		{241BA139-0480-43F7-8736-88AB607DDE89}.Release|Any CPU.ActiveCfg = Release|Any CPU
		{241BA139-0480-43F7-8736-88AB607DDE89}.Release|Any CPU.Build.0 = Release|Any CPU
	EndGlobalSection
	GlobalSection(SolutionProperties) = preSolution
		HideSolutionNode = FALSE
	EndGlobalSection
	GlobalSection(ExtensibilityGlobals) = postSolution
		SolutionGuid = {10BF2CA8-76B8-481B-87BB-2774B8D7320D}
	EndGlobalSection
EndGlobal
